{
  "lockfile_version": "1",
  "packages": {
    "github:NixOS/nixpkgs/nixpkgs-unstable": {
      "resolved": "github:NixOS/nixpkgs/6a39c6e495eefabc935d8ddf66aa45d85b85fa3f?lastModified=1744157173&narHash=sha256-bWSjxDwq7iVePrhmA7tY2dyMWHuNJo8knkO4y%2Bq4ZkY%3D"
    },
    "libiconv@latest": {
      "last_modified": "2025-03-11T17:52:14Z",
      "resolved": "github:NixOS/nixpkgs/0d534853a55b5d02a4ababa1d71921ce8f0aee4c#libiconv",
      "source": "devbox-search",
      "version": "109",
      "systems": {
        "aarch64-darwin": {
          "outputs": [
            {
              "name": "out",
              "path": "/nix/store/aiaj38lcmq5gvzirdbypqi3rrn19hxnb-libiconv-109",
              "default": true
            },
            {
              "name": "dev",
              "path": "/nix/store/j57f2k37j99zypb8ilx576xgifm7q12h-libiconv-109-dev"
            }
          ],
          "store_path": "/nix/store/aiaj38lcmq5gvzirdbypqi3rrn19hxnb-libiconv-109"
        },
        "x86_64-darwin": {
          "outputs": [
            {
              "name": "out",
              "path": "/nix/store/vnl3km5vjzl0in13w97y8nk077py3rsq-libiconv-109",
              "default": true
            },
            {
              "name": "dev",
              "path": "/nix/store/71b3d7mlsas472lx1q6rgs7fad81ai8l-libiconv-109-dev"
            }
          ],
          "store_path": "/nix/store/vnl3km5vjzl0in13w97y8nk077py3rsq-libiconv-109"
        },
        "x86_64-linux": {
          "outputs": [
            {
              "path": "/nix/store/sf44rxm9m32aj0393h6m5q45kb8nxmbi-glibc-iconv-2.40",
              "default": true
            }
          ]
        }
      }
    },
    "libxml2@latest": {
      "last_modified": "2025-05-29T08:12:58Z",
      "resolved": "github:NixOS/nixpkgs/3866ad91cfc172f08a6839def503d8fc2923c603#libxml2",
      "source": "devbox-search",
      "version": "2.13.8",
      "systems": {
        "aarch64-darwin": {
          "outputs": [
            {
              "name": "bin",
              "path": "/nix/store/y9mb0jpx5gqndk3f94pi98y5is3sm8ra-libxml2-2.13.8-bin",
              "default": true
            },
            {
              "name": "devdoc",
              "path": "/nix/store/dl7115i6yladcqhn3mnwndcq9k84ashn-libxml2-2.13.8-devdoc"
            },
            {
              "name": "out",
              "path": "/nix/store/fy1l8akbxlmi6z7k92aiyqnxf81xwf9h-libxml2-2.13.8"
            },
            {
              "name": "dev",
              "path": "/nix/store/xclr8fil4qjwicnb5cx3byzaaz1jmq7v-libxml2-2.13.8-dev"
            }
          ],
          "store_path": "/nix/store/y9mb0jpx5gqndk3f94pi98y5is3sm8ra-libxml2-2.13.8-bin"
        },
        "aarch64-linux": {
          "outputs": [
            {
              "name": "bin",
              "path": "/nix/store/2r937z8d8b7hdij3rnkjfg34s36j8nqv-libxml2-2.13.8-bin",
              "default": true
            },
            {
              "name": "py",
              "path": "/nix/store/ycs33rm2dpns5p44cs4207mjkcfg5cih-libxml2-2.13.8-py"
            },
            {
              "name": "dev",
              "path": "/nix/store/xygznpa635x9lcfl7maiqcnhxymp2bzf-libxml2-2.13.8-dev"
            },
            {
              "name": "devdoc",
              "path": "/nix/store/0j5c23nr10wxa62ign3pswpck6s6vv0q-libxml2-2.13.8-devdoc"
            },
            {
              "name": "out",
              "path": "/nix/store/lhwx7vs049wfpx8fr9xka4yjz3fpvyqx-libxml2-2.13.8"
            }
          ],
          "store_path": "/nix/store/2r937z8d8b7hdij3rnkjfg34s36j8nqv-libxml2-2.13.8-bin"
        },
        "x86_64-darwin": {
          "outputs": [
            {
              "name": "bin",
              "path": "/nix/store/y3cqr8jsqgnf916hpb2drn3c2bva877z-libxml2-2.13.8-bin",
              "default": true
            },
            {
              "name": "out",
              "path": "/nix/store/b7xkqcgfnciqcbxshw8dfpbwhdxbhkf4-libxml2-2.13.8"
            },
            {
              "name": "dev",
              "path": "/nix/store/38kag1n8z5ls74w066a6nxqa6bhz0hh2-libxml2-2.13.8-dev"
            },
            {
              "name": "devdoc",
              "path": "/nix/store/3wyjf8hgq4a4mq0xafv77gsv35p7z1nc-libxml2-2.13.8-devdoc"
            }
          ],
          "store_path": "/nix/store/y3cqr8jsqgnf916hpb2drn3c2bva877z-libxml2-2.13.8-bin"
        },
        "x86_64-linux": {
          "outputs": [
            {
              "name": "bin",
              "path": "/nix/store/pdnqlnvxiq1926kqjzxjln4d3147z54w-libxml2-2.13.8-bin",
              "default": true
            },
            {
              "name": "py",
              "path": "/nix/store/0kac7gpsh7fcj7q7nkwqk4p77ml5vaay-libxml2-2.13.8-py"
            },
            {
              "name": "dev",
              "path": "/nix/store/cisb0723v3pgp74f2lj07z5d6w3j77sl-libxml2-2.13.8-dev"
            },
            {
              "name": "devdoc",
              "path": "/nix/store/f557rgly3q4dfbdi0sahxr0wzndn1ril-libxml2-2.13.8-devdoc"
            },
            {
              "name": "out",
              "path": "/nix/store/xv0pc5nc41v5vi0lac1i2d353s3rqlkm-libxml2-2.13.8"
            }
          ],
          "store_path": "/nix/store/pdnqlnvxiq1926kqjzxjln4d3147z54w-libxml2-2.13.8-bin"
        }
      }
    },
    "rustup@1.27.1": {
      "last_modified": "2025-03-11T17:52:14Z",
      "plugin_version": "0.0.1",
      "resolved": "github:NixOS/nixpkgs/0d534853a55b5d02a4ababa1d71921ce8f0aee4c#rustup",
      "source": "devbox-search",
      "version": "1.27.1",
      "systems": {
        "aarch64-darwin": {
          "outputs": [
            {
              "name": "out",
              "path": "/nix/store/wrfks4kh42ic42862jpnq382aq153l71-rustup-1.27.1",
              "default": true
            }
          ],
          "store_path": "/nix/store/wrfks4kh42ic42862jpnq382aq153l71-rustup-1.27.1"
        },
        "aarch64-linux": {
          "outputs": [
            {
              "name": "out",
              "path": "/nix/store/cd8hjr11047c1ygmi3vaj01k5laknch5-rustup-1.27.1",
              "default": true
            }
          ],
          "store_path": "/nix/store/cd8hjr11047c1ygmi3vaj01k5laknch5-rustup-1.27.1"
        },
        "x86_64-darwin": {
          "outputs": [
            {
              "name": "out",
              "path": "/nix/store/ijgkcd0v479fhb47p5bbrv8d5n34bvb4-rustup-1.27.1",
              "default": true
            }
          ],
          "store_path": "/nix/store/ijgkcd0v479fhb47p5bbrv8d5n34bvb4-rustup-1.27.1"
        },
        "x86_64-linux": {
          "outputs": [
            {
              "name": "out",
              "path": "/nix/store/dl3rjwl31d31qkga5i7nnygvbcyxpfn3-rustup-1.27.1",
              "default": true
            }
          ],
          "store_path": "/nix/store/dl3rjwl31d31qkga5i7nnygvbcyxpfn3-rustup-1.27.1"
        }
      }
    },
    "static-web-server@latest": {
      "last_modified": "2025-05-16T20:19:48Z",
      "resolved": "github:NixOS/nixpkgs/12a55407652e04dcf2309436eb06fef0d3713ef3#static-web-server",
      "source": "devbox-search",
      "version": "2.36.1",
      "systems": {
        "aarch64-darwin": {
          "outputs": [
            {
              "name": "out",
              "path": "/nix/store/708hz8pkiw08frwxxl4whrqzgsbwy6vg-static-web-server-2.36.1",
              "default": true
            }
          ],
          "store_path": "/nix/store/708hz8pkiw08frwxxl4whrqzgsbwy6vg-static-web-server-2.36.1"
        },
        "aarch64-linux": {
          "outputs": [
            {
              "name": "out",
              "path": "/nix/store/310kkh8g4a36q0l2dcp467lnwy48iawk-static-web-server-2.36.1",
              "default": true
            }
          ],
          "store_path": "/nix/store/310kkh8g4a36q0l2dcp467lnwy48iawk-static-web-server-2.36.1"
        },
        "x86_64-darwin": {
          "outputs": [
            {
              "name": "out",
              "path": "/nix/store/ixjzp03hi3l54h8d5jsrn23pj9kdk529-static-web-server-2.36.1",
              "default": true
            }
          ],
          "store_path": "/nix/store/ixjzp03hi3l54h8d5jsrn23pj9kdk529-static-web-server-2.36.1"
        },
        "x86_64-linux": {
          "outputs": [
            {
              "name": "out",
              "path": "/nix/store/m9ix5nadfzp0wxcgggxv463m9xsgwfk7-static-web-server-2.36.1",
              "default": true
            }
          ],
          "store_path": "/nix/store/m9ix5nadfzp0wxcgggxv463m9xsgwfk7-static-web-server-2.36.1"
        }
      }
    }
  }
}
